<?xml version="1.0" encoding="utf-8"?>
<Project ToolsVersion="4.0" xmlns="http://schemas.microsoft.com/developer/msbuild/2003">
  <ItemGroup>
    <Filter Include="src">
      <UniqueIdentifier>{112d77df-5c29-448b-a6a7-e23932fda1bf}</UniqueIdentifier>
    </Filter>
    <Filter Include="scripts">
      <UniqueIdentifier>{a578f3af-98da-4837-92c5-4c42519e22e6}</UniqueIdentifier>
    </Filter>
    <Filter Include="config">
      <UniqueIdentifier>{84aba6e1-2b21-46c9-93c1-d4f4a48a1f4b}</UniqueIdentifier>
    </Filter>
    <Filter Include="src\Game">
      <UniqueIdentifier>{35f957f9-7c4e-43b6-ab0c-db2f9f5394c2}</UniqueIdentifier>
    </Filter>
    <Filter Include="src\Utility">
      <UniqueIdentifier>{abdebdad-1804-43c5-8319-b739bf11389f}</UniqueIdentifier>
    </Filter>
    <Filter Include="src\Entity">
      <UniqueIdentifier>{f3acfe04-875a-4229-9a3c-caeee0408b7e}</UniqueIdentifier>
    </Filter>
    <Filter Include="src\Entity\Monster">
      <UniqueIdentifier>{5f3730c2-4249-4599-a039-82ab67baf40b}</UniqueIdentifier>
    </Filter>
    <Filter Include="src\Entity\Player">
      <UniqueIdentifier>{2f199021-d65f-47cb-aa1a-8d69e18d92f0}</UniqueIdentifier>
    </Filter>
  </ItemGroup>
  <ItemGroup>
    <ClCompile Include="src\Main.cpp">
      <Filter>src</Filter>
    </ClCompile>
    <ClCompile Include="src\Player.cpp">
      <Filter>src\Entity\Player</Filter>
    </ClCompile>
    <ClCompile Include="src\Game.cpp">
      <Filter>src\Game</Filter>
    </ClCompile>
    <ClCompile Include="src\Monster.cpp">
      <Filter>src\Entity\Monster</Filter>
    </ClCompile>
    <ClCompile Include="src\RuntimeIdManager.cpp">
      <Filter>src\Game</Filter>
    </ClCompile>
  </ItemGroup>
  <ItemGroup>
    <ClInclude Include="src\Player.h">
      <Filter>src\Entity\Player</Filter>
    </ClInclude>
    <ClInclude Include="src\Game.h">
      <Filter>src\Game</Filter>
    </ClInclude>
    <ClInclude Include="src\GameSetting.h">
      <Filter>src\Game</Filter>
    </ClInclude>
    <ClInclude Include="src\Noncopyable.h">
      <Filter>src\Utility</Filter>
    </ClInclude>
    <ClInclude Include="src\Monster.h">
      <Filter>src\Entity\Monster</Filter>
    </ClInclude>
    <ClInclude Include="src\RuntimeIdManager.h">
      <Filter>src\Game</Filter>
    </ClInclude>
    <ClInclude Include="src\GlobalDefine.h">
      <Filter>src\Game</Filter>
    </ClInclude>
  </ItemGroup>
  <ItemGroup>
    <None Include="scripts\assets_copy.py">
      <Filter>scripts</Filter>
    </None>
    <None Include="config\GameConfig.json">
      <Filter>config</Filter>
    </None>
  </ItemGroup>
</Project>